
Microsoft Visual Studio Solution File, Format Version 12.00
# Visual Studio Version 16
VisualStudioVersion = 16.0.31410.357
MinimumVisualStudioVersion = 10.0.40219.1
Project("{888888A0-9F3D-457C-B088-3A5042F75D52}") = "pyNDI", "pyNDI\pyNDI.pyproj", "{E1118F8A-C516-4260-BDE9-A31B1052B16A}"
EndProject
Global
	GlobalSection(SolutionConfigurationPlatforms) = preSolution
		Debug|Any CPU = Debug|Any CPU
		Release|Any CPU = Release|Any CPU
	EndGlobalSection
	GlobalSection(ProjectConfigurationPlatforms) = postSolution
		{E1118F8A-C516-4260-BDE9-A31B1052B16A}.Debug|Any CPU.ActiveCfg = Debug|Any CPU
		{E1118F8A-C516-4260-BDE9-A31B1052B16A}.Release|Any CPU.ActiveCfg = Release|Any CPU
	EndGlobalSection
	GlobalSection(SolutionProperties) = preSolution
		HideSolutionNode = FALSE
	EndGlobalSection
	GlobalSection(ExtensibilityGlobals) = postSolution
		SolutionGuid = {EB6D10B9-6D31-469A-8C4D-5D971E951AF8}
	EndGlobalSection
EndGlobal
